{
    "_meta": {
        "hash": {
            "sha256": "cdde4ebb96cd8dcaee19ef65db01cdd90ee8ec987f6eae1854b6b6ae4cac88f4"
        },
        "pipfile-spec": 6,
        "requires": {
            "python_version": "3.6"
        },
        "sources": [
            {
                "name": "pypi",
                "url": "https://pypi.python.org/simple",
                "verify_ssl": true
            }
        ]
    },
    "default": {
        "msgpack": {
            "hashes": [
                "sha256:0b3b1773d2693c70598585a34ca2715873ba899565f0a7c9a1545baef7e7fbdc",
                "sha256:0bae5d1538c5c6a75642f75a1781f3ac2275d744a92af1a453c150da3446138b",
                "sha256:0ee8c8c85aa651be3aa0cd005b5931769eaa658c948ce79428766f1bd46ae2c3",
                "sha256:1369f9edba9500c7a6489b70fdfac773e925342f4531f1e3d4c20ac3173b1ae0",
                "sha256:22d9c929d1d539f37da3d1b0e16270fa9d46107beab8c0d4d2bddffffe895cee",
                "sha256:2ff43e3247a1e11d544017bb26f580a68306cec7a6257d8818893c1fda665f42",
                "sha256:31a98047355d34d047fcdb55b09cb19f633cf214c705a765bd745456c142130c",
                "sha256:8767eb0032732c3a0da92cbec5ac186ef89a3258c6edca09161472ca0206c45f",
                "sha256:8acc8910218555044e23826980b950e96685dc48124a290c86f6f41a296ea172",
                "sha256:ab189a6365be1860a5ecf8159c248f12d33f79ea799ae9695fa6a29896dcf1d4",
                "sha256:cfd6535feb0f1cf1c7cdb25773e965cc9f92928244a8c3ef6f8f8a8e1f7ae5c4",
                "sha256:e274cd4480d8c76ec467a85a9c6635bbf2258f0649040560382ab58cabb44bcf",
                "sha256:f86642d60dca13e93260187d56c2bef2487aa4d574a669e8ceefcf9f4c26fd00",
                "sha256:f8a57cbda46a94ed0db55b73e6ab0c15e78b4ede8690fa491a0e55128d552bb0",
                "sha256:fcea97a352416afcbccd7af9625159d80704a25c519c251c734527329bb20d0e"
            ],
            "index": "pypi",
            "version": "==0.5.6"
        },
        "websockets": {
            "hashes": [
                "sha256:1d8ce82e5a0c7947b204d0b1abe0f66bc247dc5c605aa5a339df7d91012356e5",
                "sha256:2de152acdcffd37e05042ff285f8ef25046c005927d3ea78606ed99524135545",
                "sha256:4ea90a598b546233a4c61bef98db4171ac30f1302826729af30001ac1f471098",
                "sha256:58f891a21d430b837d61686f50d52efebd415164f9626d10b2000e50ab097439",
                "sha256:8ae1b897c61f8e4306c9a18c5c4ecb695738bd4824f330cc7aa45caa95d971d8",
                "sha256:9242d6df28fe4c3768c4c6f5b6b6acdfaf1cbc272140c40c0b1c755dc5a5a7bc",
                "sha256:a21861e60d336d21c6f99958b14b26e977a81eaf8abd5a478e8ee9d091a6cac1",
                "sha256:ac76ccd2a5e36c4e980d00042d217635f0f92ef1574d8ca13e81a22add3f801d",
                "sha256:b05205ecdf809fd3c20d597912e9a184d382fcff31c81d86499e5c78aa412346",
                "sha256:d069ce1bc3af02ad35ee6aef6f82c4b0ce64ea5e3f9585935830cce5c74340bf",
                "sha256:d71d1e24deceb18ccea605adef388d9a452b719e09320698e64b522df9029532",
                "sha256:da93fe3b9ebbd0425539c818eaf73ac55301a3449eaa9349029b39098216dac3",
                "sha256:e0f4f59900820cc97d17cc0e7d6e0fc9c0d4a65e906d4e2c09217f89a34f1d71",
                "sha256:e8d9823a0eb52b5a2cc39b44c13bf99644f006778459da1d0175bc5e92fd8112",
                "sha256:ed77c1a7779ff4060920470dc303c9dcba88f22ef769e46868e9bb9ea537ce26",
                "sha256:fe8c6e72c2eaf4d03b9e0d33d7f9f14b9a84f47252b1d4670b798ade572ea360"
            ],
            "index": "pypi",
            "version": "==5.0"
        }
    },
    "develop": {}
}
