{
    "_meta": {
        "hash": {
            "sha256": "cdde4ebb96cd8dcaee19ef65db01cdd90ee8ec987f6eae1854b6b6ae4cac88f4"
        },
        "pipfile-spec": 6,
        "requires": {
            "python_version": "3.6"
        },
        "sources": [
            {
                "name": "pypi",
                "url": "https://pypi.python.org/simple",
                "verify_ssl": true
            }
        ]
    },
    "default": {
        "msgpack": {
            "hashes": [
                "sha256:0bae5d1538c5c6a75642f75a1781f3ac2275d744a92af1a453c150da3446138b",
                "sha256:0ee8c8c85aa651be3aa0cd005b5931769eaa658c948ce79428766f1bd46ae2c3",
                "sha256:2ff43e3247a1e11d544017bb26f580a68306cec7a6257d8818893c1fda665f42",
                "sha256:8767eb0032732c3a0da92cbec5ac186ef89a3258c6edca09161472ca0206c45f",
                "sha256:ab189a6365be1860a5ecf8159c248f12d33f79ea799ae9695fa6a29896dcf1d4",
                "sha256:cfd6535feb0f1cf1c7cdb25773e965cc9f92928244a8c3ef6f8f8a8e1f7ae5c4",
                "sha256:e274cd4480d8c76ec467a85a9c6635bbf2258f0649040560382ab58cabb44bcf",
                "sha256:f86642d60dca13e93260187d56c2bef2487aa4d574a669e8ceefcf9f4c26fd00",
                "sha256:f8a57cbda46a94ed0db55b73e6ab0c15e78b4ede8690fa491a0e55128d552bb0"
            ],
            "version": "==0.5.6"
        },
        "websockets": {
            "hashes": [
                "sha256:0c31bc832d529dc7583d324eb6c836a4f362032a1902723c112cf57883488d8c",
                "sha256:1f3e5a52cab6daa3d432c7b0de0a14109be39d2bfaad033ee5de4a3d3e11dcdf",
                "sha256:341824d8c9ad53fc43cca3fa9407f294125fa258592f7676640396501448e57e",
                "sha256:367ff945bc0950ad9634591e2afe50bf2222bc4fad1088a386c4bb700888026e",
                "sha256:3859ca16c229ddb0fa21c5090e4efcb037c08ce69b0c1dfed6122c3f98cd0c22",
                "sha256:3d425ae081fb4ba1eef9ecf30472ffd79f8e868297ccc7a47993c96dbf2a819c",
                "sha256:64896a6b3368c959b8096b655e46f03dfa65b96745249f374bd6a35705cc3489",
                "sha256:6df87698022aef2596bffdfecc96d656db59c8d719708c8a471daa815ee61656",
                "sha256:80188abdadd23edaaea05ce761dc9a2e1df31a74a0533967f0dcd9560c85add0",
                "sha256:d1a0572b6edb22c9208e3e5381064e09d287d2a915f90233fef994ee7a14a935",
                "sha256:da4d4fbe059b0453e726d6d993760065d69b823a27efc3040402a6fcfe6a1ed9",
                "sha256:da7610a017f5343fdf765f4e0eb6fd0dfd08264ca1565212b110836d9367fc9c",
                "sha256:ebdd4f18fe7e3bea9bd3bf446b0f4117739478caa2c76e4f0fb72cc45b03cbd7",
                "sha256:f5192da704535a7cbf76d6e99c1ec4af7e8d1288252bf5a2385d414509ded0cf",
                "sha256:fd81af8cf3e69f9a97f3a6c0623a0527de0f922c2df725f00cd7646d478af632",
                "sha256:fecf51c13195c416c22422353b306dddb9c752e4b80b21e0fa1fccbe38246677"
            ],
            "version": "==4.0.1"
        }
    },
    "develop": {}
}
